<Solution>
  <Configurations>
    <Platform Name="x64" />
    <Platform Name="x86" />
  </Configurations>
  <Folder Name="/Solution Items/">
    <File Path="assets/bg3-mod-studio.png" />
    <File Path="include/Version.h" />
    <File Path="install/BG3ModMaker.iss" />
    <File Path="install/INSTALL.docx" />
    <File Path="README.md" />
    <File Path="vcpkg.json" />
  </Folder>
  <Project Path="BG3MMTests/BG3MMTests.vcxproj" />
  <Project Path="BG3ModStudio/BG3ModStudio.vcxproj" Id="f26d270a-e9f6-4f00-887b-b7f3e6c18850" />
  <Project Path="BG3ModStudio/lexilla/src/Lexilla.vcxproj" Id="e541c9be-13bc-4ce6-a0a4-31145f51a2c1" />
  <Project Path="BG3ModStudio/scintilla/win32/Scintilla.vcxproj" Id="19cca8b8-46b9-4609-b7ce-198da19f07bd" />
  <Project Path="BG3ModStudio/TabView/TabViewLib/TabViewLib.vcxproj" Id="bfd0fb0e-6477-4bb4-91b3-c372d43ac8c8" />
  <Project Path="GR2Read/GR2Read.vcxproj" Id="500a60a9-761f-415f-855c-87c3d07f508f" />
  <Project Path="LibLS/LibLS.vcxproj" Id="af1b8ff5-237d-4829-ae3d-528e05a309dc" />
  <Project Path="Utility/Utility.vcxproj" Id="85ecd5e2-d1ac-4ffb-ae62-aa629f6f7109" />
</Solution>
