
Microsoft Visual Studio Solution File, Format Version 12.00
# Visual Studio Version 17
VisualStudioVersion = 17.12.35707.178
MinimumVisualStudioVersion = 10.0.40219.1
Project("{8BC9CEB8-8B4A-11D0-8D11-00A0C91BC942}") = "Index", "Index\Index.vcxproj", "{2BB48A69-9B7F-45EE-B69A-EF8C1E58926D}"
EndProject
Project("{2150E333-8FDC-42A3-9474-1A3956D46DE8}") = "Solution Items", "Solution Items", "{73516DDC-49C5-49C6-B875-9EB3E64C24CC}"
	ProjectSection(SolutionItems) = preProject
		vcpkg.json = vcpkg.json
	EndProjectSection
EndProject
Project("{8BC9CEB8-8B4A-11D0-8D11-00A0C91BC942}") = "LibLS", "LibLS\LibLS.vcxproj", "{AF1B8FF5-237D-4829-AE3D-528E05A309DC}"
EndProject
Project("{8BC9CEB8-8B4A-11D0-8D11-00A0C91BC942}") = "Search", "Search\Search.vcxproj", "{57D284A8-FED6-4813-8266-E7B88A866819}"
EndProject
Global
	GlobalSection(SolutionConfigurationPlatforms) = preSolution
		Debug|x64 = Debug|x64
		Debug|x86 = Debug|x86
		Release|x64 = Release|x64
		Release|x86 = Release|x86
	EndGlobalSection
	GlobalSection(ProjectConfigurationPlatforms) = postSolution
		{2BB48A69-9B7F-45EE-B69A-EF8C1E58926D}.Debug|x64.ActiveCfg = Debug|x64
		{2BB48A69-9B7F-45EE-B69A-EF8C1E58926D}.Debug|x64.Build.0 = Debug|x64
		{2BB48A69-9B7F-45EE-B69A-EF8C1E58926D}.Debug|x86.ActiveCfg = Debug|Win32
		{2BB48A69-9B7F-45EE-B69A-EF8C1E58926D}.Debug|x86.Build.0 = Debug|Win32
		{2BB48A69-9B7F-45EE-B69A-EF8C1E58926D}.Release|x64.ActiveCfg = Release|x64
		{2BB48A69-9B7F-45EE-B69A-EF8C1E58926D}.Release|x64.Build.0 = Release|x64
		{2BB48A69-9B7F-45EE-B69A-EF8C1E58926D}.Release|x86.ActiveCfg = Release|Win32
		{2BB48A69-9B7F-45EE-B69A-EF8C1E58926D}.Release|x86.Build.0 = Release|Win32
		{AF1B8FF5-237D-4829-AE3D-528E05A309DC}.Debug|x64.ActiveCfg = Debug|x64
		{AF1B8FF5-237D-4829-AE3D-528E05A309DC}.Debug|x64.Build.0 = Debug|x64
		{AF1B8FF5-237D-4829-AE3D-528E05A309DC}.Debug|x86.ActiveCfg = Debug|Win32
		{AF1B8FF5-237D-4829-AE3D-528E05A309DC}.Debug|x86.Build.0 = Debug|Win32
		{AF1B8FF5-237D-4829-AE3D-528E05A309DC}.Release|x64.ActiveCfg = Release|x64
		{AF1B8FF5-237D-4829-AE3D-528E05A309DC}.Release|x64.Build.0 = Release|x64
		{AF1B8FF5-237D-4829-AE3D-528E05A309DC}.Release|x86.ActiveCfg = Release|Win32
		{AF1B8FF5-237D-4829-AE3D-528E05A309DC}.Release|x86.Build.0 = Release|Win32
		{57D284A8-FED6-4813-8266-E7B88A866819}.Debug|x64.ActiveCfg = Debug|x64
		{57D284A8-FED6-4813-8266-E7B88A866819}.Debug|x64.Build.0 = Debug|x64
		{57D284A8-FED6-4813-8266-E7B88A866819}.Debug|x86.ActiveCfg = Debug|Win32
		{57D284A8-FED6-4813-8266-E7B88A866819}.Debug|x86.Build.0 = Debug|Win32
		{57D284A8-FED6-4813-8266-E7B88A866819}.Release|x64.ActiveCfg = Release|x64
		{57D284A8-FED6-4813-8266-E7B88A866819}.Release|x64.Build.0 = Release|x64
		{57D284A8-FED6-4813-8266-E7B88A866819}.Release|x86.ActiveCfg = Release|Win32
		{57D284A8-FED6-4813-8266-E7B88A866819}.Release|x86.Build.0 = Release|Win32
	EndGlobalSection
	GlobalSection(SolutionProperties) = preSolution
		HideSolutionNode = FALSE
	EndGlobalSection
EndGlobal
