
Microsoft Visual Studio Solution File, Format Version 12.00
# Visual Studio Version 17
VisualStudioVersion = 17.12.35707.178
MinimumVisualStudioVersion = 10.0.40219.1
Project("{8BC9CEB8-8B4A-11D0-8D11-00A0C91BC942}") = "Index", "Index\Index.vcxproj", "{2BB48A69-9B7F-45EE-B69A-EF8C1E58926D}"
EndProject
Project("{2150E333-8FDC-42A3-9474-1A3956D46DE8}") = "Solution Items", "Solution Items", "{73516DDC-49C5-49C6-B875-9EB3E64C24CC}"
	ProjectSection(SolutionItems) = preProject
		assets\bg3-mod-studio.png = assets\bg3-mod-studio.png
		install\BG3ModMaker.iss = install\BG3ModMaker.iss
		CHANGELOG.md = CHANGELOG.md
		install\INSTALL.docx = install\INSTALL.docx
		README.md = README.md
		vcpkg.json = vcpkg.json
		include\Version.h = include\Version.h
	EndProjectSection
EndProject
Project("{8BC9CEB8-8B4A-11D0-8D11-00A0C91BC942}") = "LibLS", "LibLS\LibLS.vcxproj", "{AF1B8FF5-237D-4829-AE3D-528E05A309DC}"
EndProject
Project("{8BC9CEB8-8B4A-11D0-8D11-00A0C91BC942}") = "Search", "Search\Search.vcxproj", "{57D284A8-FED6-4813-8266-E7B88A866819}"
EndProject
Project("{8BC9CEB8-8B4A-11D0-8D11-00A0C91BC942}") = "BG3ModStudio", "BG3ModStudio\BG3ModStudio.vcxproj", "{F26D270A-E9F6-4F00-887B-B7F3E6C18850}"
EndProject
Project("{8BC9CEB8-8B4A-11D0-8D11-00A0C91BC942}") = "TabViewLib", "BG3ModStudio\TabView\TabViewLib\TabViewLib.vcxproj", "{BFD0FB0E-6477-4BB4-91B3-C372D43AC8C8}"
EndProject
Project("{8BC9CEB8-8B4A-11D0-8D11-00A0C91BC942}") = "BG3MMTests", "BG3MMTests\BG3MMTests.vcxproj", "{EE780EF6-32FE-8E5F-AD41-9F062F609D08}"
EndProject
Project("{8BC9CEB8-8B4A-11D0-8D11-00A0C91BC942}") = "RopePad", "RopePad\RopePad.vcxproj", "{7BA4B558-9E1A-460E-96DB-32F32689D81C}"
EndProject
Project("{8BC9CEB8-8B4A-11D0-8D11-00A0C91BC942}") = "Utility", "Utility\Utility.vcxproj", "{85ECD5E2-D1AC-4FFB-AE62-AA629F6F7109}"
EndProject
Project("{8BC9CEB8-8B4A-11D0-8D11-00A0C91BC942}") = "Lexilla", "BG3ModStudio\lexilla\src\Lexilla.vcxproj", "{E541C9BE-13BC-4CE6-A0A4-31145F51A2C1}"
EndProject
Project("{8BC9CEB8-8B4A-11D0-8D11-00A0C91BC942}") = "Scintilla", "BG3ModStudio\scintilla\win32\Scintilla.vcxproj", "{19CCA8B8-46B9-4609-B7CE-198DA19F07BD}"
EndProject
Project("{8BC9CEB8-8B4A-11D0-8D11-00A0C91BC942}") = "Catalog", "Catalog\Catalog.vcxproj", "{500A60A9-761F-415F-855C-87C3D07F508F}"
EndProject
Project("{8BC9CEB8-8B4A-11D0-8D11-00A0C91BC942}") = "Iconizer", "Iconizer\Iconizer.vcxproj", "{745C65FC-E8C4-44C7-A2F9-C5F9101602D3}"
EndProject
Global
	GlobalSection(SolutionConfigurationPlatforms) = preSolution
		Debug|x64 = Debug|x64
		Debug|x86 = Debug|x86
		Release|x64 = Release|x64
		Release|x86 = Release|x86
	EndGlobalSection
	GlobalSection(ProjectConfigurationPlatforms) = postSolution
		{2BB48A69-9B7F-45EE-B69A-EF8C1E58926D}.Debug|x64.ActiveCfg = Debug|x64
		{2BB48A69-9B7F-45EE-B69A-EF8C1E58926D}.Debug|x64.Build.0 = Debug|x64
		{2BB48A69-9B7F-45EE-B69A-EF8C1E58926D}.Debug|x86.ActiveCfg = Debug|Win32
		{2BB48A69-9B7F-45EE-B69A-EF8C1E58926D}.Debug|x86.Build.0 = Debug|Win32
		{2BB48A69-9B7F-45EE-B69A-EF8C1E58926D}.Release|x64.ActiveCfg = Release|x64
		{2BB48A69-9B7F-45EE-B69A-EF8C1E58926D}.Release|x64.Build.0 = Release|x64
		{2BB48A69-9B7F-45EE-B69A-EF8C1E58926D}.Release|x86.ActiveCfg = Release|Win32
		{2BB48A69-9B7F-45EE-B69A-EF8C1E58926D}.Release|x86.Build.0 = Release|Win32
		{AF1B8FF5-237D-4829-AE3D-528E05A309DC}.Debug|x64.ActiveCfg = Debug|x64
		{AF1B8FF5-237D-4829-AE3D-528E05A309DC}.Debug|x64.Build.0 = Debug|x64
		{AF1B8FF5-237D-4829-AE3D-528E05A309DC}.Debug|x86.ActiveCfg = Debug|Win32
		{AF1B8FF5-237D-4829-AE3D-528E05A309DC}.Debug|x86.Build.0 = Debug|Win32
		{AF1B8FF5-237D-4829-AE3D-528E05A309DC}.Release|x64.ActiveCfg = Release|x64
		{AF1B8FF5-237D-4829-AE3D-528E05A309DC}.Release|x64.Build.0 = Release|x64
		{AF1B8FF5-237D-4829-AE3D-528E05A309DC}.Release|x86.ActiveCfg = Release|Win32
		{AF1B8FF5-237D-4829-AE3D-528E05A309DC}.Release|x86.Build.0 = Release|Win32
		{57D284A8-FED6-4813-8266-E7B88A866819}.Debug|x64.ActiveCfg = Debug|x64
		{57D284A8-FED6-4813-8266-E7B88A866819}.Debug|x64.Build.0 = Debug|x64
		{57D284A8-FED6-4813-8266-E7B88A866819}.Debug|x86.ActiveCfg = Debug|Win32
		{57D284A8-FED6-4813-8266-E7B88A866819}.Debug|x86.Build.0 = Debug|Win32
		{57D284A8-FED6-4813-8266-E7B88A866819}.Release|x64.ActiveCfg = Release|x64
		{57D284A8-FED6-4813-8266-E7B88A866819}.Release|x64.Build.0 = Release|x64
		{57D284A8-FED6-4813-8266-E7B88A866819}.Release|x86.ActiveCfg = Release|Win32
		{57D284A8-FED6-4813-8266-E7B88A866819}.Release|x86.Build.0 = Release|Win32
		{F26D270A-E9F6-4F00-887B-B7F3E6C18850}.Debug|x64.ActiveCfg = Debug|x64
		{F26D270A-E9F6-4F00-887B-B7F3E6C18850}.Debug|x64.Build.0 = Debug|x64
		{F26D270A-E9F6-4F00-887B-B7F3E6C18850}.Debug|x86.ActiveCfg = Debug|Win32
		{F26D270A-E9F6-4F00-887B-B7F3E6C18850}.Debug|x86.Build.0 = Debug|Win32
		{F26D270A-E9F6-4F00-887B-B7F3E6C18850}.Release|x64.ActiveCfg = Release|x64
		{F26D270A-E9F6-4F00-887B-B7F3E6C18850}.Release|x64.Build.0 = Release|x64
		{F26D270A-E9F6-4F00-887B-B7F3E6C18850}.Release|x86.ActiveCfg = Release|Win32
		{F26D270A-E9F6-4F00-887B-B7F3E6C18850}.Release|x86.Build.0 = Release|Win32
		{BFD0FB0E-6477-4BB4-91B3-C372D43AC8C8}.Debug|x64.ActiveCfg = Debug|x64
		{BFD0FB0E-6477-4BB4-91B3-C372D43AC8C8}.Debug|x64.Build.0 = Debug|x64
		{BFD0FB0E-6477-4BB4-91B3-C372D43AC8C8}.Debug|x86.ActiveCfg = Debug|Win32
		{BFD0FB0E-6477-4BB4-91B3-C372D43AC8C8}.Debug|x86.Build.0 = Debug|Win32
		{BFD0FB0E-6477-4BB4-91B3-C372D43AC8C8}.Release|x64.ActiveCfg = Release|x64
		{BFD0FB0E-6477-4BB4-91B3-C372D43AC8C8}.Release|x64.Build.0 = Release|x64
		{BFD0FB0E-6477-4BB4-91B3-C372D43AC8C8}.Release|x86.ActiveCfg = Release|Win32
		{BFD0FB0E-6477-4BB4-91B3-C372D43AC8C8}.Release|x86.Build.0 = Release|Win32
		{EE780EF6-32FE-8E5F-AD41-9F062F609D08}.Debug|x64.ActiveCfg = Debug|x64
		{EE780EF6-32FE-8E5F-AD41-9F062F609D08}.Debug|x64.Build.0 = Debug|x64
		{EE780EF6-32FE-8E5F-AD41-9F062F609D08}.Debug|x86.ActiveCfg = Debug|Win32
		{EE780EF6-32FE-8E5F-AD41-9F062F609D08}.Debug|x86.Build.0 = Debug|Win32
		{EE780EF6-32FE-8E5F-AD41-9F062F609D08}.Release|x64.ActiveCfg = Release|x64
		{EE780EF6-32FE-8E5F-AD41-9F062F609D08}.Release|x64.Build.0 = Release|x64
		{EE780EF6-32FE-8E5F-AD41-9F062F609D08}.Release|x86.ActiveCfg = Release|Win32
		{EE780EF6-32FE-8E5F-AD41-9F062F609D08}.Release|x86.Build.0 = Release|Win32
		{7BA4B558-9E1A-460E-96DB-32F32689D81C}.Debug|x64.ActiveCfg = Debug|x64
		{7BA4B558-9E1A-460E-96DB-32F32689D81C}.Debug|x64.Build.0 = Debug|x64
		{7BA4B558-9E1A-460E-96DB-32F32689D81C}.Debug|x86.ActiveCfg = Debug|Win32
		{7BA4B558-9E1A-460E-96DB-32F32689D81C}.Debug|x86.Build.0 = Debug|Win32
		{7BA4B558-9E1A-460E-96DB-32F32689D81C}.Release|x64.ActiveCfg = Release|x64
		{7BA4B558-9E1A-460E-96DB-32F32689D81C}.Release|x64.Build.0 = Release|x64
		{7BA4B558-9E1A-460E-96DB-32F32689D81C}.Release|x86.ActiveCfg = Release|Win32
		{7BA4B558-9E1A-460E-96DB-32F32689D81C}.Release|x86.Build.0 = Release|Win32
		{85ECD5E2-D1AC-4FFB-AE62-AA629F6F7109}.Debug|x64.ActiveCfg = Debug|x64
		{85ECD5E2-D1AC-4FFB-AE62-AA629F6F7109}.Debug|x64.Build.0 = Debug|x64
		{85ECD5E2-D1AC-4FFB-AE62-AA629F6F7109}.Debug|x86.ActiveCfg = Debug|Win32
		{85ECD5E2-D1AC-4FFB-AE62-AA629F6F7109}.Debug|x86.Build.0 = Debug|Win32
		{85ECD5E2-D1AC-4FFB-AE62-AA629F6F7109}.Release|x64.ActiveCfg = Release|x64
		{85ECD5E2-D1AC-4FFB-AE62-AA629F6F7109}.Release|x64.Build.0 = Release|x64
		{85ECD5E2-D1AC-4FFB-AE62-AA629F6F7109}.Release|x86.ActiveCfg = Release|Win32
		{85ECD5E2-D1AC-4FFB-AE62-AA629F6F7109}.Release|x86.Build.0 = Release|Win32
		{E541C9BE-13BC-4CE6-A0A4-31145F51A2C1}.Debug|x64.ActiveCfg = Debug|x64
		{E541C9BE-13BC-4CE6-A0A4-31145F51A2C1}.Debug|x64.Build.0 = Debug|x64
		{E541C9BE-13BC-4CE6-A0A4-31145F51A2C1}.Debug|x86.ActiveCfg = Debug|Win32
		{E541C9BE-13BC-4CE6-A0A4-31145F51A2C1}.Debug|x86.Build.0 = Debug|Win32
		{E541C9BE-13BC-4CE6-A0A4-31145F51A2C1}.Release|x64.ActiveCfg = Release|x64
		{E541C9BE-13BC-4CE6-A0A4-31145F51A2C1}.Release|x64.Build.0 = Release|x64
		{E541C9BE-13BC-4CE6-A0A4-31145F51A2C1}.Release|x86.ActiveCfg = Release|Win32
		{E541C9BE-13BC-4CE6-A0A4-31145F51A2C1}.Release|x86.Build.0 = Release|Win32
		{19CCA8B8-46B9-4609-B7CE-198DA19F07BD}.Debug|x64.ActiveCfg = Debug|x64
		{19CCA8B8-46B9-4609-B7CE-198DA19F07BD}.Debug|x64.Build.0 = Debug|x64
		{19CCA8B8-46B9-4609-B7CE-198DA19F07BD}.Debug|x86.ActiveCfg = Debug|Win32
		{19CCA8B8-46B9-4609-B7CE-198DA19F07BD}.Debug|x86.Build.0 = Debug|Win32
		{19CCA8B8-46B9-4609-B7CE-198DA19F07BD}.Release|x64.ActiveCfg = Release|x64
		{19CCA8B8-46B9-4609-B7CE-198DA19F07BD}.Release|x64.Build.0 = Release|x64
		{19CCA8B8-46B9-4609-B7CE-198DA19F07BD}.Release|x86.ActiveCfg = Release|Win32
		{19CCA8B8-46B9-4609-B7CE-198DA19F07BD}.Release|x86.Build.0 = Release|Win32
		{500A60A9-761F-415F-855C-87C3D07F508F}.Debug|x64.ActiveCfg = Debug|x64
		{500A60A9-761F-415F-855C-87C3D07F508F}.Debug|x64.Build.0 = Debug|x64
		{500A60A9-761F-415F-855C-87C3D07F508F}.Debug|x86.ActiveCfg = Debug|Win32
		{500A60A9-761F-415F-855C-87C3D07F508F}.Debug|x86.Build.0 = Debug|Win32
		{500A60A9-761F-415F-855C-87C3D07F508F}.Release|x64.ActiveCfg = Release|x64
		{500A60A9-761F-415F-855C-87C3D07F508F}.Release|x64.Build.0 = Release|x64
		{500A60A9-761F-415F-855C-87C3D07F508F}.Release|x86.ActiveCfg = Release|Win32
		{500A60A9-761F-415F-855C-87C3D07F508F}.Release|x86.Build.0 = Release|Win32
		{745C65FC-E8C4-44C7-A2F9-C5F9101602D3}.Debug|x64.ActiveCfg = Debug|x64
		{745C65FC-E8C4-44C7-A2F9-C5F9101602D3}.Debug|x64.Build.0 = Debug|x64
		{745C65FC-E8C4-44C7-A2F9-C5F9101602D3}.Debug|x86.ActiveCfg = Debug|Win32
		{745C65FC-E8C4-44C7-A2F9-C5F9101602D3}.Debug|x86.Build.0 = Debug|Win32
		{745C65FC-E8C4-44C7-A2F9-C5F9101602D3}.Release|x64.ActiveCfg = Release|x64
		{745C65FC-E8C4-44C7-A2F9-C5F9101602D3}.Release|x64.Build.0 = Release|x64
		{745C65FC-E8C4-44C7-A2F9-C5F9101602D3}.Release|x86.ActiveCfg = Release|Win32
		{745C65FC-E8C4-44C7-A2F9-C5F9101602D3}.Release|x86.Build.0 = Release|Win32
	EndGlobalSection
	GlobalSection(SolutionProperties) = preSolution
		HideSolutionNode = FALSE
	EndGlobalSection
	GlobalSection(ExtensibilityGlobals) = postSolution
		SolutionGuid = {2911653E-1CAD-426B-B27F-D91FC1A70C90}
	EndGlobalSection
EndGlobal
