<?xml version="1.0" encoding="utf-8"?>
<Project ToolsVersion="4.0" xmlns="http://schemas.microsoft.com/developer/msbuild/2003">
  <ItemGroup>
    <Filter Include="Source Files">
      <UniqueIdentifier>{4FC737F1-C7A5-4376-A066-2A32D752A2FF}</UniqueIdentifier>
      <Extensions>cpp;c;cc;cxx;c++;cppm;ixx;def;odl;idl;hpj;bat;asm;asmx</Extensions>
    </Filter>
    <Filter Include="Header Files">
      <UniqueIdentifier>{93995380-89BD-4b04-88EB-625FBE52EBFB}</UniqueIdentifier>
      <Extensions>h;hh;hpp;hxx;h++;hm;inl;inc;ipp;xsd</Extensions>
    </Filter>
    <Filter Include="Resource Files">
      <UniqueIdentifier>{67DA6AB6-F800-4c08-8B7A-83BB121AAD01}</UniqueIdentifier>
      <Extensions>rc;ico;cur;bmp;dlg;rc2;rct;bin;rgs;gif;jpg;jpeg;jpe;resx;tiff;tif;png;wav;mfcribbon-ms</Extensions>
    </Filter>
  </ItemGroup>
  <ItemGroup>
    <ClInclude Include="pch.h">
      <Filter>Header Files</Filter>
    </ClInclude>
    <ClInclude Include="Compress.h">
      <Filter>Header Files</Filter>
    </ClInclude>
    <ClInclude Include="Exception.h">
      <Filter>Header Files</Filter>
    </ClInclude>
    <ClInclude Include="Indexer.h">
      <Filter>Header Files</Filter>
    </ClInclude>
    <ClInclude Include="PAKReader.h">
      <Filter>Header Files</Filter>
    </ClInclude>
    <ClInclude Include="XmlWrapper.h">
      <Filter>Header Files</Filter>
    </ClInclude>
    <ClInclude Include="Searcher.h">
      <Filter>Header Files</Filter>
    </ClInclude>
    <ClInclude Include="LSFReader.h">
      <Filter>Header Files</Filter>
    </ClInclude>
    <ClInclude Include="LSCommon.h">
      <Filter>Header Files</Filter>
    </ClInclude>
    <ClInclude Include="LSFCommon.h">
      <Filter>Header Files</Filter>
    </ClInclude>
    <ClInclude Include="Node.h">
      <Filter>Header Files</Filter>
    </ClInclude>
    <ClInclude Include="NodeAttribute.h">
      <Filter>Header Files</Filter>
    </ClInclude>
    <ClInclude Include="PAKWriter.h">
      <Filter>Header Files</Filter>
    </ClInclude>
    <ClInclude Include="Package.h">
      <Filter>Header Files</Filter>
    </ClInclude>
    <ClInclude Include="CRC32.h">
      <Filter>Header Files</Filter>
    </ClInclude>
    <ClInclude Include="Localization.h">
      <Filter>Header Files</Filter>
    </ClInclude>
    <ClInclude Include="LSXReader.h">
      <Filter>Header Files</Filter>
    </ClInclude>
    <ClInclude Include="Resource.h">
      <Filter>Header Files</Filter>
    </ClInclude>
    <ClInclude Include="LSFWriter.h">
      <Filter>Header Files</Filter>
    </ClInclude>
    <ClInclude Include="ResourceUtils.h">
      <Filter>Header Files</Filter>
    </ClInclude>
    <ClInclude Include="Cataloger.h">
      <Filter>Header Files</Filter>
    </ClInclude>
    <ClInclude Include="PageableIterator.h">
      <Filter>Header Files</Filter>
    </ClInclude>
    <ClInclude Include="Iconizer.h">
      <Filter>Header Files</Filter>
    </ClInclude>
    <ClInclude Include="ICompressor.h">
      <Filter>Header Files</Filter>
    </ClInclude>
    <ClInclude Include="LZ4Compressor.h">
      <Filter>Header Files</Filter>
    </ClInclude>
    <ClInclude Include="ZSTDCompressor.h">
      <Filter>Header Files</Filter>
    </ClInclude>
    <ClInclude Include="ZLibCompressor.h">
      <Filter>Header Files</Filter>
    </ClInclude>
    <ClInclude Include="ProgressListener.h">
      <Filter>Header Files</Filter>
    </ClInclude>
    <ClInclude Include="ObjectManager.h">
      <Filter>Header Files</Filter>
    </ClInclude>
    <ClInclude Include="PrefixIterator.h">
      <Filter>Header Files</Filter>
    </ClInclude>
    <ClInclude Include="GR2Reader.h">
      <Filter>Header Files</Filter>
    </ClInclude>
    <ClInclude Include="GR2Stream.h">
      <Filter>Header Files</Filter>
    </ClInclude>
    <ClInclude Include="GR2Model.h">
      <Filter>Header Files</Filter>
    </ClInclude>
    <ClInclude Include="GR2ModelBuilder.h">
      <Filter>Header Files</Filter>
    </ClInclude>
    <ClInclude Include="GR2Decompressor.h">
      <Filter>Header Files</Filter>
    </ClInclude>
    <ClInclude Include="Bitknit2Decompressor.h">
      <Filter>Header Files</Filter>
    </ClInclude>
    <ClInclude Include="OsiReader.h">
      <Filter>Header Files</Filter>
    </ClInclude>
    <ClInclude Include="Story.h">
      <Filter>Header Files</Filter>
    </ClInclude>
  </ItemGroup>
  <ItemGroup>
    <ClCompile Include="pch.cpp">
      <Filter>Source Files</Filter>
    </ClCompile>
    <ClCompile Include="Compress.cpp">
      <Filter>Source Files</Filter>
    </ClCompile>
    <ClCompile Include="Indexer.cpp">
      <Filter>Source Files</Filter>
    </ClCompile>
    <ClCompile Include="PAKReader.cpp">
      <Filter>Source Files</Filter>
    </ClCompile>
    <ClCompile Include="XmlWrapper.cpp">
      <Filter>Source Files</Filter>
    </ClCompile>
    <ClCompile Include="Searcher.cpp">
      <Filter>Source Files</Filter>
    </ClCompile>
    <ClCompile Include="LSFReader.cpp">
      <Filter>Source Files</Filter>
    </ClCompile>
    <ClCompile Include="Node.cpp">
      <Filter>Source Files</Filter>
    </ClCompile>
    <ClCompile Include="NodeAttribute.cpp">
      <Filter>Source Files</Filter>
    </ClCompile>
    <ClCompile Include="LSFCommon.cpp">
      <Filter>Source Files</Filter>
    </ClCompile>
    <ClCompile Include="PAKWriter.cpp">
      <Filter>Source Files</Filter>
    </ClCompile>
    <ClCompile Include="Package.cpp">
      <Filter>Source Files</Filter>
    </ClCompile>
    <ClCompile Include="Localization.cpp">
      <Filter>Source Files</Filter>
    </ClCompile>
    <ClCompile Include="LSXReader.cpp">
      <Filter>Source Files</Filter>
    </ClCompile>
    <ClCompile Include="Resource.cpp">
      <Filter>Source Files</Filter>
    </ClCompile>
    <ClCompile Include="LSFWriter.cpp">
      <Filter>Source Files</Filter>
    </ClCompile>
    <ClCompile Include="ResourceUtils.cpp">
      <Filter>Source Files</Filter>
    </ClCompile>
    <ClCompile Include="Cataloger.cpp">
      <Filter>Source Files</Filter>
    </ClCompile>
    <ClCompile Include="PageableIterator.cpp">
      <Filter>Source Files</Filter>
    </ClCompile>
    <ClCompile Include="Iconizer.cpp">
      <Filter>Source Files</Filter>
    </ClCompile>
    <ClCompile Include="LZ4Compressor.cpp">
      <Filter>Source Files</Filter>
    </ClCompile>
    <ClCompile Include="ZSTDCompressor.cpp">
      <Filter>Source Files</Filter>
    </ClCompile>
    <ClCompile Include="ZLibCompressor.cpp">
      <Filter>Source Files</Filter>
    </ClCompile>
    <ClCompile Include="ObjectManager.cpp">
      <Filter>Source Files</Filter>
    </ClCompile>
    <ClCompile Include="PrefixIterator.cpp">
      <Filter>Source Files</Filter>
    </ClCompile>
    <ClCompile Include="GR2Reader.cpp">
      <Filter>Source Files</Filter>
    </ClCompile>
    <ClCompile Include="GR2Stream.cpp">
      <Filter>Source Files</Filter>
    </ClCompile>
    <ClCompile Include="GR2ModelBuilder.cpp">
      <Filter>Source Files</Filter>
    </ClCompile>
    <ClCompile Include="GR2Decompressor.cpp">
      <Filter>Source Files</Filter>
    </ClCompile>
    <ClCompile Include="Bitknit2Decompressor.cpp">
      <Filter>Source Files</Filter>
    </ClCompile>
    <ClCompile Include="OsiReader.cpp">
      <Filter>Source Files</Filter>
    </ClCompile>
    <ClCompile Include="Story.cpp">
      <Filter>Source Files</Filter>
    </ClCompile>
  </ItemGroup>
</Project>